{
  "requires": true,
  "lockfileVersion": 1,
  "dependencies": {
    "bootstrap-sass": {
      "version": "3.3.7",
      "resolved": "https://registry.npmjs.org/bootstrap-sass/-/bootstrap-sass-3.3.7.tgz",
      "integrity": "sha1-ZZbHq0D2Y3OTMjqwvIDQZPxjBJg="
    },
    "socicon": {
      "version": "3.0.5",
      "resolved": "https://registry.npmjs.org/socicon/-/socicon-3.0.5.tgz",
      "integrity": "sha1-v6Bvz38rbzzcOUQzd0I1jp4FC20="
    }
  }
}
